
Microsoft Visual Studio Solution File, Format Version 12.00
# Visual Studio Version 17
VisualStudioVersion = 17.6.33829.357
MinimumVisualStudioVersion = 10.0.40219.1
Project("{FAE04EC0-301F-11D3-BF4B-00C04F79EFBC}") = "Faithy_SOTF_Mod", "Faithy_SOTF_Mod\Faithy_SOTF_Mod.csproj", "{00750544-BB5C-4664-BDF9-D09D2BAA440F}"
EndProject
Global
	GlobalSection(SolutionConfigurationPlatforms) = preSolution
		Debug|Any CPU = Debug|Any CPU
		Release|Any CPU = Release|Any CPU
	EndGlobalSection
	GlobalSection(ProjectConfigurationPlatforms) = postSolution
		{00750544-BB5C-4664-BDF9-D09D2BAA440F}.Debug|Any CPU.ActiveCfg = Debug|Any CPU
		{00750544-BB5C-4664-BDF9-D09D2BAA440F}.Debug|Any CPU.Build.0 = Debug|Any CPU
		{00750544-BB5C-4664-BDF9-D09D2BAA440F}.Release|Any CPU.ActiveCfg = Release|Any CPU
		{00750544-BB5C-4664-BDF9-D09D2BAA440F}.Release|Any CPU.Build.0 = Release|Any CPU
	EndGlobalSection
	GlobalSection(SolutionProperties) = preSolution
		HideSolutionNode = FALSE
	EndGlobalSection
	GlobalSection(ExtensibilityGlobals) = postSolution
		SolutionGuid = {FC704B44-8F76-4386-8BE8-81ED6B0F8B7C}
	EndGlobalSection
EndGlobal
